
Microsoft Visual Studio Solution File, Format Version 12.00
# Visual Studio Version 17
VisualStudioVersion = 17.5.33424.131
MinimumVisualStudioVersion = 10.0.40219.1
Project("{FAE04EC0-301F-11D3-BF4B-00C04F79EFBC}") = "TelekTelek_bot", "TelekTelek_bot\TelekTelek_bot.csproj", "{0BC4F137-DC45-4A19-975D-29E21A487B78}"
EndProject
Global
	GlobalSection(SolutionConfigurationPlatforms) = preSolution
		Debug|Any CPU = Debug|Any CPU
		Release|Any CPU = Release|Any CPU
	EndGlobalSection
	GlobalSection(ProjectConfigurationPlatforms) = postSolution
		{0BC4F137-DC45-4A19-975D-29E21A487B78}.Debug|Any CPU.ActiveCfg = Debug|Any CPU
		{0BC4F137-DC45-4A19-975D-29E21A487B78}.Debug|Any CPU.Build.0 = Debug|Any CPU
		{0BC4F137-DC45-4A19-975D-29E21A487B78}.Release|Any CPU.ActiveCfg = Release|Any CPU
		{0BC4F137-DC45-4A19-975D-29E21A487B78}.Release|Any CPU.Build.0 = Release|Any CPU
	EndGlobalSection
	GlobalSection(SolutionProperties) = preSolution
		HideSolutionNode = FALSE
	EndGlobalSection
	GlobalSection(ExtensibilityGlobals) = postSolution
		SolutionGuid = {43B0880F-A475-4034-B405-9C9417015650}
	EndGlobalSection
EndGlobal
